
Microsoft Visual Studio Solution File, Format Version 12.00
# Visual Studio Version 17
VisualStudioVersion = 17.9.34714.143
MinimumVisualStudioVersion = 10.0.40219.1
Project("{FAE04EC0-301F-11D3-BF4B-00C04F79EFBC}") = "ManageTransaction", "ManageTransaction\ManageTransaction.csproj", "{3E3F5BA5-C0B6-4D38-9524-D27DB1746949}"
EndProject
Project("{FAE04EC0-301F-11D3-BF4B-00C04F79EFBC}") = "ReceiveApi", "ReceiveApi\ReceiveApi.csproj", "{92945356-3A26-4CAC-8E3C-1D03519C78AF}"
EndProject
Global
	GlobalSection(SolutionConfigurationPlatforms) = preSolution
		Debug|Any CPU = Debug|Any CPU
		Release|Any CPU = Release|Any CPU
	EndGlobalSection
	GlobalSection(ProjectConfigurationPlatforms) = postSolution
		{3E3F5BA5-C0B6-4D38-9524-D27DB1746949}.Debug|Any CPU.ActiveCfg = Debug|Any CPU
		{3E3F5BA5-C0B6-4D38-9524-D27DB1746949}.Debug|Any CPU.Build.0 = Debug|Any CPU
		{3E3F5BA5-C0B6-4D38-9524-D27DB1746949}.Release|Any CPU.ActiveCfg = Release|Any CPU
		{3E3F5BA5-C0B6-4D38-9524-D27DB1746949}.Release|Any CPU.Build.0 = Release|Any CPU
		{92945356-3A26-4CAC-8E3C-1D03519C78AF}.Debug|Any CPU.ActiveCfg = Debug|Any CPU
		{92945356-3A26-4CAC-8E3C-1D03519C78AF}.Debug|Any CPU.Build.0 = Debug|Any CPU
		{92945356-3A26-4CAC-8E3C-1D03519C78AF}.Release|Any CPU.ActiveCfg = Release|Any CPU
		{92945356-3A26-4CAC-8E3C-1D03519C78AF}.Release|Any CPU.Build.0 = Release|Any CPU
	EndGlobalSection
	GlobalSection(SolutionProperties) = preSolution
		HideSolutionNode = FALSE
	EndGlobalSection
	GlobalSection(ExtensibilityGlobals) = postSolution
		SolutionGuid = {0441439D-0740-4785-B37B-A71F29F2B480}
	EndGlobalSection
EndGlobal
